// !$*UTF8*$!
{
	archiveVersion = 1;
	classes = {
	};
	objectVersion = 50;
	objects = {

/* Begin PBXBuildFile section */
		CFF9EFDDBFF386CA3ED5E09D /* Pods_iOSProject.framework in Frameworks */ = {isa = PBXBuildFile; fileRef = F2DAC52B4D08242EB062E8A5 /* Pods_iOSProject.framework */; };
		FB2DCA5D20A497E300E63B7C /* checkSet.swift in Sources */ = {isa = PBXBuildFile; fileRef = FB2DCA5C20A497E300E63B7C /* checkSet.swift */; };
		FB45457C2088DB3300BDEF19 /* recources in Resources */ = {isa = PBXBuildFile; fileRef = FB45457B2088DB3300BDEF19 /* recources */; };
		FB5AFD4B20A3E83E0030A7AC /* DirectionsViewController.swift in Sources */ = {isa = PBXBuildFile; fileRef = FB5AFD4A20A3E83E0030A7AC /* DirectionsViewController.swift */; };
		FB5AFD4D20A3EA830030A7AC /* GoogleService-Info.plist in Resources */ = {isa = PBXBuildFile; fileRef = FB5AFD4C20A3EA830030A7AC /* GoogleService-Info.plist */; };
		FB87F2B82090E837003D1AB5 /* loginViewController.swift in Sources */ = {isa = PBXBuildFile; fileRef = FB87F2B72090E837003D1AB5 /* loginViewController.swift */; };
		FB87F2BA2090E89D003D1AB5 /* playSetViewController.swift in Sources */ = {isa = PBXBuildFile; fileRef = FB87F2B92090E89D003D1AB5 /* playSetViewController.swift */; };
		FBAFDC6C2090F55D0083E4B9 /* setGame.swift in Sources */ = {isa = PBXBuildFile; fileRef = FBAFDC6B2090F55D0083E4B9 /* setGame.swift */; };
		FBAFDC6E2090F6D10083E4B9 /* card.swift in Sources */ = {isa = PBXBuildFile; fileRef = FBAFDC6D2090F6D10083E4B9 /* card.swift */; };
		FBAFDC702090F77A0083E4B9 /* deck.swift in Sources */ = {isa = PBXBuildFile; fileRef = FBAFDC6F2090F77A0083E4B9 /* deck.swift */; };
		FBB224EE20866E6C005E7613 /* AppDelegate.swift in Sources */ = {isa = PBXBuildFile; fileRef = FBB224ED20866E6C005E7613 /* AppDelegate.swift */; };
		FBB224F320866E6C005E7613 /* Main.storyboard in Resources */ = {isa = PBXBuildFile; fileRef = FBB224F120866E6C005E7613 /* Main.storyboard */; };
		FBB224F620866E6C005E7613 /* iOSProject.xcdatamodeld in Sources */ = {isa = PBXBuildFile; fileRef = FBB224F420866E6C005E7613 /* iOSProject.xcdatamodeld */; };
		FBB224F820866E6C005E7613 /* Assets.xcassets in Resources */ = {isa = PBXBuildFile; fileRef = FBB224F720866E6C005E7613 /* Assets.xcassets */; };
		FBB224FB20866E6C005E7613 /* LaunchScreen.storyboard in Resources */ = {isa = PBXBuildFile; fileRef = FBB224F920866E6C005E7613 /* LaunchScreen.storyboard */; };
		FBB22503208681D9005E7613 /* checkSetViewController.swift in Sources */ = {isa = PBXBuildFile; fileRef = FBB22502208681D9005E7613 /* checkSetViewController.swift */; };
		FBB2250520868247005E7613 /* checkColorViewController.swift in Sources */ = {isa = PBXBuildFile; fileRef = FBB2250420868247005E7613 /* checkColorViewController.swift */; };
/* End PBXBuildFile section */

/* Begin PBXFileReference section */
		172078A17B06D8E1845D5BA8 /* Pods-iOSProject.debug.xcconfig */ = {isa = PBXFileReference; includeInIndex = 1; lastKnownFileType = text.xcconfig; name = "Pods-iOSProject.debug.xcconfig"; path = "Pods/Target Support Files/Pods-iOSProject/Pods-iOSProject.debug.xcconfig"; sourceTree = "<group>"; };
		AE459FCD3B0AD65C9430C30F /* Pods-iOSProject.release.xcconfig */ = {isa = PBXFileReference; includeInIndex = 1; lastKnownFileType = text.xcconfig; name = "Pods-iOSProject.release.xcconfig"; path = "Pods/Target Support Files/Pods-iOSProject/Pods-iOSProject.release.xcconfig"; sourceTree = "<group>"; };
		F2DAC52B4D08242EB062E8A5 /* Pods_iOSProject.framework */ = {isa = PBXFileReference; explicitFileType = wrapper.framework; includeInIndex = 0; path = Pods_iOSProject.framework; sourceTree = BUILT_PRODUCTS_DIR; };
		FB2DCA5C20A497E300E63B7C /* checkSet.swift */ = {isa = PBXFileReference; lastKnownFileType = sourcecode.swift; path = checkSet.swift; sourceTree = "<group>"; };
		FB45457B2088DB3300BDEF19 /* recources */ = {isa = PBXFileReference; lastKnownFileType = folder; path = recources; sourceTree = "<group>"; };
		FB5AFD4A20A3E83E0030A7AC /* DirectionsViewController.swift */ = {isa = PBXFileReference; lastKnownFileType = sourcecode.swift; path = DirectionsViewController.swift; sourceTree = "<group>"; };
		FB5AFD4C20A3EA830030A7AC /* GoogleService-Info.plist */ = {isa = PBXFileReference; fileEncoding = 4; lastKnownFileType = text.plist.xml; path = "GoogleService-Info.plist"; sourceTree = "<group>"; };
		FB87F2B72090E837003D1AB5 /* loginViewController.swift */ = {isa = PBXFileReference; lastKnownFileType = sourcecode.swift; path = loginViewController.swift; sourceTree = "<group>"; };
		FB87F2B92090E89D003D1AB5 /* playSetViewController.swift */ = {isa = PBXFileReference; lastKnownFileType = sourcecode.swift; path = playSetViewController.swift; sourceTree = "<group>"; };
		FBAFDC6B2090F55D0083E4B9 /* setGame.swift */ = {isa = PBXFileReference; lastKnownFileType = sourcecode.swift; path = setGame.swift; sourceTree = "<group>"; };
		FBAFDC6D2090F6D10083E4B9 /* card.swift */ = {isa = PBXFileReference; lastKnownFileType = sourcecode.swift; path = card.swift; sourceTree = "<group>"; };
		FBAFDC6F2090F77A0083E4B9 /* deck.swift */ = {isa = PBXFileReference; lastKnownFileType = sourcecode.swift; path = deck.swift; sourceTree = "<group>"; };
		FBB224EA20866E6B005E7613 /* iOSProject.app */ = {isa = PBXFileReference; explicitFileType = wrapper.application; includeInIndex = 0; path = iOSProject.app; sourceTree = BUILT_PRODUCTS_DIR; };
		FBB224ED20866E6C005E7613 /* AppDelegate.swift */ = {isa = PBXFileReference; lastKnownFileType = sourcecode.swift; path = AppDelegate.swift; sourceTree = "<group>"; };
		FBB224F220866E6C005E7613 /* Base */ = {isa = PBXFileReference; lastKnownFileType = file.storyboard; name = Base; path = Base.lproj/Main.storyboard; sourceTree = "<group>"; };
		FBB224F520866E6C005E7613 /* iOSProject.xcdatamodel */ = {isa = PBXFileReference; lastKnownFileType = wrapper.xcdatamodel; path = iOSProject.xcdatamodel; sourceTree = "<group>"; };
		FBB224F720866E6C005E7613 /* Assets.xcassets */ = {isa = PBXFileReference; lastKnownFileType = folder.assetcatalog; path = Assets.xcassets; sourceTree = "<group>"; };
		FBB224FA20866E6C005E7613 /* Base */ = {isa = PBXFileReference; lastKnownFileType = file.storyboard; name = Base; path = Base.lproj/LaunchScreen.storyboard; sourceTree = "<group>"; };
		FBB224FC20866E6C005E7613 /* Info.plist */ = {isa = PBXFileReference; lastKnownFileType = text.plist.xml; path = Info.plist; sourceTree = "<group>"; };
		FBB22502208681D9005E7613 /* checkSetViewController.swift */ = {isa = PBXFileReference; lastKnownFileType = sourcecode.swift; path = checkSetViewController.swift; sourceTree = "<group>"; };
		FBB2250420868247005E7613 /* checkColorViewController.swift */ = {isa = PBXFileReference; lastKnownFileType = sourcecode.swift; path = checkColorViewController.swift; sourceTree = "<group>"; };
/* End PBXFileReference section */

/* Begin PBXFrameworksBuildPhase section */
		FBB224E720866E6B005E7613 /* Frameworks */ = {
			isa = PBXFrameworksBuildPhase;
			buildActionMask = 2147483647;
			files = (
				CFF9EFDDBFF386CA3ED5E09D /* Pods_iOSProject.framework in Frameworks */,
			);
			runOnlyForDeploymentPostprocessing = 0;
		};
/* End PBXFrameworksBuildPhase section */

/* Begin PBXGroup section */
		2A7B3AD6E8D5414C974CBE45 /* Pods */ = {
			isa = PBXGroup;
			children = (
				172078A17B06D8E1845D5BA8 /* Pods-iOSProject.debug.xcconfig */,
				AE459FCD3B0AD65C9430C30F /* Pods-iOSProject.release.xcconfig */,
			);
			name = Pods;
			sourceTree = "<group>";
		};
		3A6DA6143B2BB04DD8A9E5A1 /* Frameworks */ = {
			isa = PBXGroup;
			children = (
				F2DAC52B4D08242EB062E8A5 /* Pods_iOSProject.framework */,
			);
			name = Frameworks;
			sourceTree = "<group>";
		};
		FBB224E120866E6B005E7613 = {
			isa = PBXGroup;
			children = (
				FBB224EC20866E6B005E7613 /* iOSProject */,
				FBB224EB20866E6B005E7613 /* Products */,
				2A7B3AD6E8D5414C974CBE45 /* Pods */,
				3A6DA6143B2BB04DD8A9E5A1 /* Frameworks */,
			);
			sourceTree = "<group>";
		};
		FBB224EB20866E6B005E7613 /* Products */ = {
			isa = PBXGroup;
			children = (
				FBB224EA20866E6B005E7613 /* iOSProject.app */,
			);
			name = Products;
			sourceTree = "<group>";
		};
		FBB224EC20866E6B005E7613 /* iOSProject */ = {
			isa = PBXGroup;
			children = (
				FB2DCA5C20A497E300E63B7C /* checkSet.swift */,
				FB5AFD4C20A3EA830030A7AC /* GoogleService-Info.plist */,
				FBAFDC6B2090F55D0083E4B9 /* setGame.swift */,
				FBB224ED20866E6C005E7613 /* AppDelegate.swift */,
				FBB224F120866E6C005E7613 /* Main.storyboard */,
				FBB224F720866E6C005E7613 /* Assets.xcassets */,
				FBB224F920866E6C005E7613 /* LaunchScreen.storyboard */,
				FBB224FC20866E6C005E7613 /* Info.plist */,
				FBB224F420866E6C005E7613 /* iOSProject.xcdatamodeld */,
				FBB22502208681D9005E7613 /* checkSetViewController.swift */,
				FBB2250420868247005E7613 /* checkColorViewController.swift */,
				FB87F2B72090E837003D1AB5 /* loginViewController.swift */,
				FB87F2B92090E89D003D1AB5 /* playSetViewController.swift */,
				FB45457B2088DB3300BDEF19 /* recources */,
				FBAFDC6D2090F6D10083E4B9 /* card.swift */,
				FBAFDC6F2090F77A0083E4B9 /* deck.swift */,
				FB5AFD4A20A3E83E0030A7AC /* DirectionsViewController.swift */,
			);
			path = iOSProject;
			sourceTree = "<group>";
		};
/* End PBXGroup section */

/* Begin PBXNativeTarget section */
		FBB224E920866E6B005E7613 /* iOSProject */ = {
			isa = PBXNativeTarget;
			buildConfigurationList = FBB224FF20866E6C005E7613 /* Build configuration list for PBXNativeTarget "iOSProject" */;
			buildPhases = (
				942AC92D60EB4CC50909C619 /* [CP] Check Pods Manifest.lock */,
				FBB224E620866E6B005E7613 /* Sources */,
				FBB224E720866E6B005E7613 /* Frameworks */,
				FBB224E820866E6B005E7613 /* Resources */,
				B82A09C2411C5114250719F8 /* [CP] Embed Pods Frameworks */,
				C886BAFFAB4EAD758EC26AC1 /* [CP] Copy Pods Resources */,
			);
			buildRules = (
			);
			dependencies = (
			);
			name = iOSProject;
			productName = iOSProject;
			productReference = FBB224EA20866E6B005E7613 /* iOSProject.app */;
			productType = "com.apple.product-type.application";
		};
/* End PBXNativeTarget section */

/* Begin PBXProject section */
		FBB224E220866E6B005E7613 /* Project object */ = {
			isa = PBXProject;
			attributes = {
				LastSwiftUpdateCheck = 0930;
				LastUpgradeCheck = 0930;
				ORGANIZATIONNAME = "Carli Weinberg";
				TargetAttributes = {
					FBB224E920866E6B005E7613 = {
						CreatedOnToolsVersion = 9.3;
					};
				};
			};
			buildConfigurationList = FBB224E520866E6B005E7613 /* Build configuration list for PBXProject "iOSProject" */;
			compatibilityVersion = "Xcode 9.3";
			developmentRegion = en;
			hasScannedForEncodings = 0;
			knownRegions = (
				en,
				Base,
			);
			mainGroup = FBB224E120866E6B005E7613;
			productRefGroup = FBB224EB20866E6B005E7613 /* Products */;
			projectDirPath = "";
			projectRoot = "";
			targets = (
				FBB224E920866E6B005E7613 /* iOSProject */,
			);
		};
/* End PBXProject section */

/* Begin PBXResourcesBuildPhase section */
		FBB224E820866E6B005E7613 /* Resources */ = {
			isa = PBXResourcesBuildPhase;
			buildActionMask = 2147483647;
			files = (
				FB45457C2088DB3300BDEF19 /* recources in Resources */,
				FBB224FB20866E6C005E7613 /* LaunchScreen.storyboard in Resources */,
				FB5AFD4D20A3EA830030A7AC /* GoogleService-Info.plist in Resources */,
				FBB224F820866E6C005E7613 /* Assets.xcassets in Resources */,
				FBB224F320866E6C005E7613 /* Main.storyboard in Resources */,
			);
			runOnlyForDeploymentPostprocessing = 0;
		};
/* End PBXResourcesBuildPhase section */

/* Begin PBXShellScriptBuildPhase section */
		942AC92D60EB4CC50909C619 /* [CP] Check Pods Manifest.lock */ = {
			isa = PBXShellScriptBuildPhase;
			buildActionMask = 2147483647;
			files = (
			);
			inputPaths = (
				"${PODS_PODFILE_DIR_PATH}/Podfile.lock",
				"${PODS_ROOT}/Manifest.lock",
			);
			name = "[CP] Check Pods Manifest.lock";
			outputPaths = (
				"$(DERIVED_FILE_DIR)/Pods-iOSProject-checkManifestLockResult.txt",
			);
			runOnlyForDeploymentPostprocessing = 0;
			shellPath = /bin/sh;
			shellScript = "diff \"${PODS_PODFILE_DIR_PATH}/Podfile.lock\" \"${PODS_ROOT}/Manifest.lock\" > /dev/null\nif [ $? != 0 ] ; then\n    # print error to STDERR\n    echo \"error: The sandbox is not in sync with the Podfile.lock. Run 'pod install' or update your CocoaPods installation.\" >&2\n    exit 1\nfi\n# This output is used by Xcode 'outputs' to avoid re-running this script phase.\necho \"SUCCESS\" > \"${SCRIPT_OUTPUT_FILE_0}\"\n";
			showEnvVarsInLog = 0;
		};
		B82A09C2411C5114250719F8 /* [CP] Embed Pods Frameworks */ = {
			isa = PBXShellScriptBuildPhase;
			buildActionMask = 2147483647;
			files = (
			);
			inputPaths = (
				"${SRCROOT}/Pods/Target Support Files/Pods-iOSProject/Pods-iOSProject-frameworks.sh",
				"${BUILT_PRODUCTS_DIR}/BoringSSL/openssl.framework",
				"${BUILT_PRODUCTS_DIR}/GTMOAuth2/GTMOAuth2.framework",
				"${BUILT_PRODUCTS_DIR}/GTMSessionFetcher/GTMSessionFetcher.framework",
				"${BUILT_PRODUCTS_DIR}/GoogleToolboxForMac/GoogleToolboxForMac.framework",
				"${BUILT_PRODUCTS_DIR}/Protobuf/Protobuf.framework",
				"${BUILT_PRODUCTS_DIR}/Rosefire/Rosefire.framework",
				"${BUILT_PRODUCTS_DIR}/gRPC/GRPCClient.framework",
				"${BUILT_PRODUCTS_DIR}/gRPC-Core/grpc.framework",
				"${BUILT_PRODUCTS_DIR}/gRPC-ProtoRPC/ProtoRPC.framework",
				"${BUILT_PRODUCTS_DIR}/gRPC-RxLibrary/RxLibrary.framework",
				"${BUILT_PRODUCTS_DIR}/leveldb-library/leveldb.framework",
				"${BUILT_PRODUCTS_DIR}/nanopb/nanopb.framework",
			);
			name = "[CP] Embed Pods Frameworks";
			outputPaths = (
				"${TARGET_BUILD_DIR}/${FRAMEWORKS_FOLDER_PATH}/openssl.framework",
				"${TARGET_BUILD_DIR}/${FRAMEWORKS_FOLDER_PATH}/GTMOAuth2.framework",
				"${TARGET_BUILD_DIR}/${FRAMEWORKS_FOLDER_PATH}/GTMSessionFetcher.framework",
				"${TARGET_BUILD_DIR}/${FRAMEWORKS_FOLDER_PATH}/GoogleToolboxForMac.framework",
				"${TARGET_BUILD_DIR}/${FRAMEWORKS_FOLDER_PATH}/Protobuf.framework",
				"${TARGET_BUILD_DIR}/${FRAMEWORKS_FOLDER_PATH}/Rosefire.framework",
				"${TARGET_BUILD_DIR}/${FRAMEWORKS_FOLDER_PATH}/GRPCClient.framework",
				"${TARGET_BUILD_DIR}/${FRAMEWORKS_FOLDER_PATH}/grpc.framework",
				"${TARGET_BUILD_DIR}/${FRAMEWORKS_FOLDER_PATH}/ProtoRPC.framework",
				"${TARGET_BUILD_DIR}/${FRAMEWORKS_FOLDER_PATH}/RxLibrary.framework",
				"${TARGET_BUILD_DIR}/${FRAMEWORKS_FOLDER_PATH}/leveldb.framework",
				"${TARGET_BUILD_DIR}/${FRAMEWORKS_FOLDER_PATH}/nanopb.framework",
			);
			runOnlyForDeploymentPostprocessing = 0;
			shellPath = /bin/sh;
			shellScript = "\"${SRCROOT}/Pods/Target Support Files/Pods-iOSProject/Pods-iOSProject-frameworks.sh\"\n";
			showEnvVarsInLog = 0;
		};
		C886BAFFAB4EAD758EC26AC1 /* [CP] Copy Pods Resources */ = {
			isa = PBXShellScriptBuildPhase;
			buildActionMask = 2147483647;
			files = (
			);
			inputPaths = (
				"${SRCROOT}/Pods/Target Support Files/Pods-iOSProject/Pods-iOSProject-resources.sh",
				"${PODS_ROOT}/GoogleSignIn/Resources/GoogleSignIn.bundle",
			);
			name = "[CP] Copy Pods Resources";
			outputPaths = (
				"${TARGET_BUILD_DIR}/${UNLOCALIZED_RESOURCES_FOLDER_PATH}/GoogleSignIn.bundle",
			);
			runOnlyForDeploymentPostprocessing = 0;
			shellPath = /bin/sh;
			shellScript = "\"${SRCROOT}/Pods/Target Support Files/Pods-iOSProject/Pods-iOSProject-resources.sh\"\n";
			showEnvVarsInLog = 0;
		};
/* End PBXShellScriptBuildPhase section */

/* Begin PBXSourcesBuildPhase section */
		FBB224E620866E6B005E7613 /* Sources */ = {
			isa = PBXSourcesBuildPhase;
			buildActionMask = 2147483647;
			files = (
				FBAFDC6C2090F55D0083E4B9 /* setGame.swift in Sources */,
				FBB22503208681D9005E7613 /* checkSetViewController.swift in Sources */,
				FBAFDC702090F77A0083E4B9 /* deck.swift in Sources */,
				FB2DCA5D20A497E300E63B7C /* checkSet.swift in Sources */,
				FB87F2BA2090E89D003D1AB5 /* playSetViewController.swift in Sources */,
				FBB2250520868247005E7613 /* checkColorViewController.swift in Sources */,
				FBB224EE20866E6C005E7613 /* AppDelegate.swift in Sources */,
				FB5AFD4B20A3E83E0030A7AC /* DirectionsViewController.swift in Sources */,
				FBB224F620866E6C005E7613 /* iOSProject.xcdatamodeld in Sources */,
				FB87F2B82090E837003D1AB5 /* loginViewController.swift in Sources */,
				FBAFDC6E2090F6D10083E4B9 /* card.swift in Sources */,
			);
			runOnlyForDeploymentPostprocessing = 0;
		};
/* End PBXSourcesBuildPhase section */

/* Begin PBXVariantGroup section */
		FBB224F120866E6C005E7613 /* Main.storyboard */ = {
			isa = PBXVariantGroup;
			children = (
				FBB224F220866E6C005E7613 /* Base */,
			);
			name = Main.storyboard;
			sourceTree = "<group>";
		};
		FBB224F920866E6C005E7613 /* LaunchScreen.storyboard */ = {
			isa = PBXVariantGroup;
			children = (
				FBB224FA20866E6C005E7613 /* Base */,
			);
			name = LaunchScreen.storyboard;
			sourceTree = "<group>";
		};
/* End PBXVariantGroup section */

/* Begin XCBuildConfiguration section */
		FBB224FD20866E6C005E7613 /* Debug */ = {
			isa = XCBuildConfiguration;
			buildSettings = {
				ALWAYS_SEARCH_USER_PATHS = NO;
				CLANG_ANALYZER_NONNULL = YES;
				CLANG_ANALYZER_NUMBER_OBJECT_CONVERSION = YES_AGGRESSIVE;
				CLANG_CXX_LANGUAGE_STANDARD = "gnu++14";
				CLANG_CXX_LIBRARY = "libc++";
				CLANG_ENABLE_MODULES = YES;
				CLANG_ENABLE_OBJC_ARC = YES;
				CLANG_ENABLE_OBJC_WEAK = YES;
				CLANG_WARN_BLOCK_CAPTURE_AUTORELEASING = YES;
				CLANG_WARN_BOOL_CONVERSION = YES;
				CLANG_WARN_COMMA = YES;
				CLANG_WARN_CONSTANT_CONVERSION = YES;
				CLANG_WARN_DEPRECATED_OBJC_IMPLEMENTATIONS = YES;
				CLANG_WARN_DIRECT_OBJC_ISA_USAGE = YES_ERROR;
				CLANG_WARN_DOCUMENTATION_COMMENTS = YES;
				CLANG_WARN_EMPTY_BODY = YES;
				CLANG_WARN_ENUM_CONVERSION = YES;
				CLANG_WARN_INFINITE_RECURSION = YES;
				CLANG_WARN_INT_CONVERSION = YES;
				CLANG_WARN_NON_LITERAL_NULL_CONVERSION = YES;
				CLANG_WARN_OBJC_IMPLICIT_RETAIN_SELF = YES;
				CLANG_WARN_OBJC_LITERAL_CONVERSION = YES;
				CLANG_WARN_OBJC_ROOT_CLASS = YES_ERROR;
				CLANG_WARN_RANGE_LOOP_ANALYSIS = YES;
				CLANG_WARN_STRICT_PROTOTYPES = YES;
				CLANG_WARN_SUSPICIOUS_MOVE = YES;
				CLANG_WARN_UNGUARDED_AVAILABILITY = YES_AGGRESSIVE;
				CLANG_WARN_UNREACHABLE_CODE = YES;
				CLANG_WARN__DUPLICATE_METHOD_MATCH = YES;
				CODE_SIGN_IDENTITY = "iPhone Developer";
				COPY_PHASE_STRIP = NO;
				DEBUG_INFORMATION_FORMAT = dwarf;
				ENABLE_STRICT_OBJC_MSGSEND = YES;
				ENABLE_TESTABILITY = YES;
				GCC_C_LANGUAGE_STANDARD = gnu11;
				GCC_DYNAMIC_NO_PIC = NO;
				GCC_NO_COMMON_BLOCKS = YES;
				GCC_OPTIMIZATION_LEVEL = 0;
				GCC_PREPROCESSOR_DEFINITIONS = (
					"DEBUG=1",
					"$(inherited)",
				);
				GCC_WARN_64_TO_32_BIT_CONVERSION = YES;
				GCC_WARN_ABOUT_RETURN_TYPE = YES_ERROR;
				GCC_WARN_UNDECLARED_SELECTOR = YES;
				GCC_WARN_UNINITIALIZED_AUTOS = YES_AGGRESSIVE;
				GCC_WARN_UNUSED_FUNCTION = YES;
				GCC_WARN_UNUSED_VARIABLE = YES;
				IPHONEOS_DEPLOYMENT_TARGET = 11.3;
				MTL_ENABLE_DEBUG_INFO = YES;
				ONLY_ACTIVE_ARCH = YES;
				SDKROOT = iphoneos;
				SWIFT_ACTIVE_COMPILATION_CONDITIONS = DEBUG;
				SWIFT_OPTIMIZATION_LEVEL = "-Onone";
			};
			name = Debug;
		};
		FBB224FE20866E6C005E7613 /* Release */ = {
			isa = XCBuildConfiguration;
			buildSettings = {
				ALWAYS_SEARCH_USER_PATHS = NO;
				CLANG_ANALYZER_NONNULL = YES;
				CLANG_ANALYZER_NUMBER_OBJECT_CONVERSION = YES_AGGRESSIVE;
				CLANG_CXX_LANGUAGE_STANDARD = "gnu++14";
				CLANG_CXX_LIBRARY = "libc++";
				CLANG_ENABLE_MODULES = YES;
				CLANG_ENABLE_OBJC_ARC = YES;
				CLANG_ENABLE_OBJC_WEAK = YES;
				CLANG_WARN_BLOCK_CAPTURE_AUTORELEASING = YES;
				CLANG_WARN_BOOL_CONVERSION = YES;
				CLANG_WARN_COMMA = YES;
				CLANG_WARN_CONSTANT_CONVERSION = YES;
				CLANG_WARN_DEPRECATED_OBJC_IMPLEMENTATIONS = YES;
				CLANG_WARN_DIRECT_OBJC_ISA_USAGE = YES_ERROR;
				CLANG_WARN_DOCUMENTATION_COMMENTS = YES;
				CLANG_WARN_EMPTY_BODY = YES;
				CLANG_WARN_ENUM_CONVERSION = YES;
				CLANG_WARN_INFINITE_RECURSION = YES;
				CLANG_WARN_INT_CONVERSION = YES;
				CLANG_WARN_NON_LITERAL_NULL_CONVERSION = YES;
				CLANG_WARN_OBJC_IMPLICIT_RETAIN_SELF = YES;
				CLANG_WARN_OBJC_LITERAL_CONVERSION = YES;
				CLANG_WARN_OBJC_ROOT_CLASS = YES_ERROR;
				CLANG_WARN_RANGE_LOOP_ANALYSIS = YES;
				CLANG_WARN_STRICT_PROTOTYPES = YES;
				CLANG_WARN_SUSPICIOUS_MOVE = YES;
				CLANG_WARN_UNGUARDED_AVAILABILITY = YES_AGGRESSIVE;
				CLANG_WARN_UNREACHABLE_CODE = YES;
				CLANG_WARN__DUPLICATE_METHOD_MATCH = YES;
				CODE_SIGN_IDENTITY = "iPhone Developer";
				COPY_PHASE_STRIP = NO;
				DEBUG_INFORMATION_FORMAT = "dwarf-with-dsym";
				ENABLE_NS_ASSERTIONS = NO;
				ENABLE_STRICT_OBJC_MSGSEND = YES;
				GCC_C_LANGUAGE_STANDARD = gnu11;
				GCC_NO_COMMON_BLOCKS = YES;
				GCC_WARN_64_TO_32_BIT_CONVERSION = YES;
				GCC_WARN_ABOUT_RETURN_TYPE = YES_ERROR;
				GCC_WARN_UNDECLARED_SELECTOR = YES;
				GCC_WARN_UNINITIALIZED_AUTOS = YES_AGGRESSIVE;
				GCC_WARN_UNUSED_FUNCTION = YES;
				GCC_WARN_UNUSED_VARIABLE = YES;
				IPHONEOS_DEPLOYMENT_TARGET = 11.3;
				MTL_ENABLE_DEBUG_INFO = NO;
				SDKROOT = iphoneos;
				SWIFT_COMPILATION_MODE = wholemodule;
				SWIFT_OPTIMIZATION_LEVEL = "-O";
				VALIDATE_PRODUCT = YES;
			};
			name = Release;
		};
		FBB2250020866E6C005E7613 /* Debug */ = {
			isa = XCBuildConfiguration;
			baseConfigurationReference = 172078A17B06D8E1845D5BA8 /* Pods-iOSProject.debug.xcconfig */;
			buildSettings = {
				ASSETCATALOG_COMPILER_APPICON_NAME = AppIcon;
				CODE_SIGN_STYLE = Automatic;
				DEVELOPMENT_TEAM = D98ACVBXHQ;
				INFOPLIST_FILE = iOSProject/Info.plist;
				LD_RUNPATH_SEARCH_PATHS = (
					"$(inherited)",
					"@executable_path/Frameworks",
				);
				PRODUCT_BUNDLE_IDENTIFIER = Carli.iOSProject;
				PRODUCT_NAME = "$(TARGET_NAME)";
				SWIFT_VERSION = 4.0;
				TARGETED_DEVICE_FAMILY = "1,2";
			};
			name = Debug;
		};
		FBB2250120866E6C005E7613 /* Release */ = {
			isa = XCBuildConfiguration;
			baseConfigurationReference = AE459FCD3B0AD65C9430C30F /* Pods-iOSProject.release.xcconfig */;
			buildSettings = {
				ASSETCATALOG_COMPILER_APPICON_NAME = AppIcon;
				CODE_SIGN_STYLE = Automatic;
				DEVELOPMENT_TEAM = D98ACVBXHQ;
				INFOPLIST_FILE = iOSProject/Info.plist;
				LD_RUNPATH_SEARCH_PATHS = (
					"$(inherited)",
					"@executable_path/Frameworks",
				);
				PRODUCT_BUNDLE_IDENTIFIER = Carli.iOSProject;
				PRODUCT_NAME = "$(TARGET_NAME)";
				SWIFT_VERSION = 4.0;
				TARGETED_DEVICE_FAMILY = "1,2";
			};
			name = Release;
		};
/* End XCBuildConfiguration section */

/* Begin XCConfigurationList section */
		FBB224E520866E6B005E7613 /* Build configuration list for PBXProject "iOSProject" */ = {
			isa = XCConfigurationList;
			buildConfigurations = (
				FBB224FD20866E6C005E7613 /* Debug */,
				FBB224FE20866E6C005E7613 /* Release */,
			);
			defaultConfigurationIsVisible = 0;
			defaultConfigurationName = Release;
		};
		FBB224FF20866E6C005E7613 /* Build configuration list for PBXNativeTarget "iOSProject" */ = {
			isa = XCConfigurationList;
			buildConfigurations = (
				FBB2250020866E6C005E7613 /* Debug */,
				FBB2250120866E6C005E7613 /* Release */,
			);
			defaultConfigurationIsVisible = 0;
			defaultConfigurationName = Release;
		};
/* End XCConfigurationList section */

/* Begin XCVersionGroup section */
		FBB224F420866E6C005E7613 /* iOSProject.xcdatamodeld */ = {
			isa = XCVersionGroup;
			children = (
				FBB224F520866E6C005E7613 /* iOSProject.xcdatamodel */,
			);
			currentVersion = FBB224F520866E6C005E7613 /* iOSProject.xcdatamodel */;
			path = iOSProject.xcdatamodeld;
			sourceTree = "<group>";
			versionGroupType = wrapper.xcdatamodel;
		};
/* End XCVersionGroup section */
	};
	rootObject = FBB224E220866E6B005E7613 /* Project object */;
}
